
Microsoft Visual Studio Solution File, Format Version 12.00
# Visual Studio Version 17
VisualStudioVersion = 17.5.33530.505
MinimumVisualStudioVersion = 10.0.40219.1
Project("{FAE04EC0-301F-11D3-BF4B-00C04F79EFBC}") = "DataAdapter", "S7DataAdapter\DataAdapter.csproj", "{162F803A-E0FF-4843-AE83-C643D70ED60C}"
EndProject
Project("{FAE04EC0-301F-11D3-BF4B-00C04F79EFBC}") = "DataAdapter.Test", "DataAdapter.Test\DataAdapter.Test.csproj", "{F9D7E9CC-4370-4807-9FE7-D1F5E39D6329}"
EndProject
Global
	GlobalSection(SolutionConfigurationPlatforms) = preSolution
		Debug|Any CPU = Debug|Any CPU
		Release|Any CPU = Release|Any CPU
	EndGlobalSection
	GlobalSection(ProjectConfigurationPlatforms) = postSolution
		{162F803A-E0FF-4843-AE83-C643D70ED60C}.Debug|Any CPU.ActiveCfg = Debug|Any CPU
		{162F803A-E0FF-4843-AE83-C643D70ED60C}.Debug|Any CPU.Build.0 = Debug|Any CPU
		{162F803A-E0FF-4843-AE83-C643D70ED60C}.Release|Any CPU.ActiveCfg = Release|Any CPU
		{162F803A-E0FF-4843-AE83-C643D70ED60C}.Release|Any CPU.Build.0 = Release|Any CPU
		{F9D7E9CC-4370-4807-9FE7-D1F5E39D6329}.Debug|Any CPU.ActiveCfg = Debug|Any CPU
		{F9D7E9CC-4370-4807-9FE7-D1F5E39D6329}.Debug|Any CPU.Build.0 = Debug|Any CPU
		{F9D7E9CC-4370-4807-9FE7-D1F5E39D6329}.Release|Any CPU.ActiveCfg = Release|Any CPU
		{F9D7E9CC-4370-4807-9FE7-D1F5E39D6329}.Release|Any CPU.Build.0 = Release|Any CPU
	EndGlobalSection
	GlobalSection(SolutionProperties) = preSolution
		HideSolutionNode = FALSE
	EndGlobalSection
	GlobalSection(ExtensibilityGlobals) = postSolution
		SolutionGuid = {9D8DAAFD-FF72-4866-9F5A-9BC7E6514414}
	EndGlobalSection
EndGlobal
